
Microsoft Visual Studio Solution File, Format Version 12.00
# Visual Studio Version 17
VisualStudioVersion = 17.6.33723.286
MinimumVisualStudioVersion = 10.0.40219.1
Project("{FAE04EC0-301F-11D3-BF4B-00C04F79EFBC}") = "TradeMatchLogin", "TradeMatchLogin\TradeMatchLogin.csproj", "{1ECBC7D9-E7DE-49D6-8FAB-6FB682BD66FC}"
EndProject
Global
	GlobalSection(SolutionConfigurationPlatforms) = preSolution
		Debug|Any CPU = Debug|Any CPU
		Release|Any CPU = Release|Any CPU
	EndGlobalSection
	GlobalSection(ProjectConfigurationPlatforms) = postSolution
		{1ECBC7D9-E7DE-49D6-8FAB-6FB682BD66FC}.Debug|Any CPU.ActiveCfg = Debug|Any CPU
		{1ECBC7D9-E7DE-49D6-8FAB-6FB682BD66FC}.Debug|Any CPU.Build.0 = Debug|Any CPU
		{1ECBC7D9-E7DE-49D6-8FAB-6FB682BD66FC}.Release|Any CPU.ActiveCfg = Release|Any CPU
		{1ECBC7D9-E7DE-49D6-8FAB-6FB682BD66FC}.Release|Any CPU.Build.0 = Release|Any CPU
	EndGlobalSection
	GlobalSection(SolutionProperties) = preSolution
		HideSolutionNode = FALSE
	EndGlobalSection
	GlobalSection(ExtensibilityGlobals) = postSolution
		SolutionGuid = {EE43375C-CF12-4CD0-A9C8-FA7DA738FDF6}
	EndGlobalSection
EndGlobal
